
Microsoft Visual Studio Solution File, Format Version 12.00
# Visual Studio 15
VisualStudioVersion = 15.0.28307.572
MinimumVisualStudioVersion = 10.0.40219.1
Project("{FAE04EC0-301F-11D3-BF4B-00C04F79EFBC}") = "Email", "Email\Email.csproj", "{7D6A30DE-7845-456F-8179-14A84C41F3F6}"
EndProject
Global
	GlobalSection(SolutionConfigurationPlatforms) = preSolution
		Debug|Any CPU = Debug|Any CPU
		Release|Any CPU = Release|Any CPU
	EndGlobalSection
	GlobalSection(ProjectConfigurationPlatforms) = postSolution
		{7D6A30DE-7845-456F-8179-14A84C41F3F6}.Debug|Any CPU.ActiveCfg = Debug|Any CPU
		{7D6A30DE-7845-456F-8179-14A84C41F3F6}.Debug|Any CPU.Build.0 = Debug|Any CPU
		{7D6A30DE-7845-456F-8179-14A84C41F3F6}.Release|Any CPU.ActiveCfg = Release|Any CPU
		{7D6A30DE-7845-456F-8179-14A84C41F3F6}.Release|Any CPU.Build.0 = Release|Any CPU
	EndGlobalSection
	GlobalSection(SolutionProperties) = preSolution
		HideSolutionNode = FALSE
	EndGlobalSection
	GlobalSection(ExtensibilityGlobals) = postSolution
		SolutionGuid = {35BFE274-1E6C-4C13-8B30-297D3C43C2C9}
	EndGlobalSection
EndGlobal
